
Microsoft Visual Studio Solution File, Format Version 12.00
# Visual Studio Version 17
VisualStudioVersion = 17.10.35122.118
MinimumVisualStudioVersion = 10.0.40219.1
Project("{FAE04EC0-301F-11D3-BF4B-00C04F79EFBC}") = "SistemaDeGestionDeExamenes", "SistemaDeGestionDeExamenes\SistemaDeGestionDeExamenes.csproj", "{0F02B61B-69DC-4397-A655-C1FE45A7C74E}"
EndProject
Global
	GlobalSection(SolutionConfigurationPlatforms) = preSolution
		Debug|Any CPU = Debug|Any CPU
		Release|Any CPU = Release|Any CPU
	EndGlobalSection
	GlobalSection(ProjectConfigurationPlatforms) = postSolution
		{0F02B61B-69DC-4397-A655-C1FE45A7C74E}.Debug|Any CPU.ActiveCfg = Debug|Any CPU
		{0F02B61B-69DC-4397-A655-C1FE45A7C74E}.Debug|Any CPU.Build.0 = Debug|Any CPU
		{0F02B61B-69DC-4397-A655-C1FE45A7C74E}.Release|Any CPU.ActiveCfg = Release|Any CPU
		{0F02B61B-69DC-4397-A655-C1FE45A7C74E}.Release|Any CPU.Build.0 = Release|Any CPU
	EndGlobalSection
	GlobalSection(SolutionProperties) = preSolution
		HideSolutionNode = FALSE
	EndGlobalSection
	GlobalSection(ExtensibilityGlobals) = postSolution
		SolutionGuid = {7852A286-DB22-48E3-96AD-0C579787B05A}
	EndGlobalSection
EndGlobal
